
Microsoft Visual Studio Solution File, Format Version 12.00
# Visual Studio 15
VisualStudioVersion = 15.0.28307.757
MinimumVisualStudioVersion = 10.0.40219.1
Project("{FAE04EC0-301F-11D3-BF4B-00C04F79EFBC}") = "ESMS", "ESMS\ESMS.csproj", "{0795684B-B394-455A-BCEF-588E13F58AD7}"
EndProject
Project("{FAE04EC0-301F-11D3-BF4B-00C04F79EFBC}") = "EntityLayer", "EntityLayer\EntityLayer.csproj", "{07FE4B9C-34E4-47A8-9DF1-C12624BFE557}"
EndProject
Project("{FAE04EC0-301F-11D3-BF4B-00C04F79EFBC}") = "BusinessAccessLayer", "BusinessAccessLayer\BusinessAccessLayer.csproj", "{D0E3E0E1-A284-4DC5-92D3-79201C5CF042}"
EndProject
Project("{FAE04EC0-301F-11D3-BF4B-00C04F79EFBC}") = "DataAccessLayer", "DataAccessLayer\DataAccessLayer.csproj", "{AB55A129-23E0-4F57-BAC7-B7BE80BF0D1E}"
EndProject
Global
	GlobalSection(SolutionConfigurationPlatforms) = preSolution
		Debug|Any CPU = Debug|Any CPU
		Release|Any CPU = Release|Any CPU
	EndGlobalSection
	GlobalSection(ProjectConfigurationPlatforms) = postSolution
		{0795684B-B394-455A-BCEF-588E13F58AD7}.Debug|Any CPU.ActiveCfg = Debug|Any CPU
		{0795684B-B394-455A-BCEF-588E13F58AD7}.Debug|Any CPU.Build.0 = Debug|Any CPU
		{0795684B-B394-455A-BCEF-588E13F58AD7}.Release|Any CPU.ActiveCfg = Release|Any CPU
		{0795684B-B394-455A-BCEF-588E13F58AD7}.Release|Any CPU.Build.0 = Release|Any CPU
		{07FE4B9C-34E4-47A8-9DF1-C12624BFE557}.Debug|Any CPU.ActiveCfg = Debug|Any CPU
		{07FE4B9C-34E4-47A8-9DF1-C12624BFE557}.Debug|Any CPU.Build.0 = Debug|Any CPU
		{07FE4B9C-34E4-47A8-9DF1-C12624BFE557}.Release|Any CPU.ActiveCfg = Release|Any CPU
		{07FE4B9C-34E4-47A8-9DF1-C12624BFE557}.Release|Any CPU.Build.0 = Release|Any CPU
		{D0E3E0E1-A284-4DC5-92D3-79201C5CF042}.Debug|Any CPU.ActiveCfg = Debug|Any CPU
		{D0E3E0E1-A284-4DC5-92D3-79201C5CF042}.Debug|Any CPU.Build.0 = Debug|Any CPU
		{D0E3E0E1-A284-4DC5-92D3-79201C5CF042}.Release|Any CPU.ActiveCfg = Release|Any CPU
		{D0E3E0E1-A284-4DC5-92D3-79201C5CF042}.Release|Any CPU.Build.0 = Release|Any CPU
		{AB55A129-23E0-4F57-BAC7-B7BE80BF0D1E}.Debug|Any CPU.ActiveCfg = Debug|Any CPU
		{AB55A129-23E0-4F57-BAC7-B7BE80BF0D1E}.Debug|Any CPU.Build.0 = Debug|Any CPU
		{AB55A129-23E0-4F57-BAC7-B7BE80BF0D1E}.Release|Any CPU.ActiveCfg = Release|Any CPU
		{AB55A129-23E0-4F57-BAC7-B7BE80BF0D1E}.Release|Any CPU.Build.0 = Release|Any CPU
	EndGlobalSection
	GlobalSection(SolutionProperties) = preSolution
		HideSolutionNode = FALSE
	EndGlobalSection
	GlobalSection(ExtensibilityGlobals) = postSolution
		SolutionGuid = {6DF85BC7-3E84-45CA-930A-B283C2EE5B7C}
	EndGlobalSection
EndGlobal
